
Microsoft Visual Studio Solution File, Format Version 12.00
# Visual Studio Version 17
VisualStudioVersion = 17.5.002.0
MinimumVisualStudioVersion = 10.0.40219.1
Project("{9A19103F-16F7-4668-BE54-9A1E7A4F7556}") = "seminar7", "seminar7.csproj", "{F3BFC3D8-3554-4961-A7E3-BB3928522343}"
EndProject
Global
	GlobalSection(SolutionConfigurationPlatforms) = preSolution
		Debug|Any CPU = Debug|Any CPU
		Release|Any CPU = Release|Any CPU
	EndGlobalSection
	GlobalSection(ProjectConfigurationPlatforms) = postSolution
		{F3BFC3D8-3554-4961-A7E3-BB3928522343}.Debug|Any CPU.ActiveCfg = Debug|Any CPU
		{F3BFC3D8-3554-4961-A7E3-BB3928522343}.Debug|Any CPU.Build.0 = Debug|Any CPU
		{F3BFC3D8-3554-4961-A7E3-BB3928522343}.Release|Any CPU.ActiveCfg = Release|Any CPU
		{F3BFC3D8-3554-4961-A7E3-BB3928522343}.Release|Any CPU.Build.0 = Release|Any CPU
	EndGlobalSection
	GlobalSection(SolutionProperties) = preSolution
		HideSolutionNode = FALSE
	EndGlobalSection
	GlobalSection(ExtensibilityGlobals) = postSolution
		SolutionGuid = {B764006B-F69A-421E-BD41-94480500F831}
	EndGlobalSection
EndGlobal
